
Microsoft Visual Studio Solution File, Format Version 12.00
# Visual Studio Version 17
VisualStudioVersion = 17.8.34525.116
MinimumVisualStudioVersion = 10.0.40219.1
Project("{9A19103F-16F7-4668-BE54-9A1E7A4F7556}") = "Hospital_System", "Hospital_System\Hospital_System.csproj", "{4A39F90A-748A-47CE-9962-7D1768E91E3D}"
EndProject
Global
	GlobalSection(SolutionConfigurationPlatforms) = preSolution
		Debug|Any CPU = Debug|Any CPU
		Release|Any CPU = Release|Any CPU
	EndGlobalSection
	GlobalSection(ProjectConfigurationPlatforms) = postSolution
		{4A39F90A-748A-47CE-9962-7D1768E91E3D}.Debug|Any CPU.ActiveCfg = Debug|Any CPU
		{4A39F90A-748A-47CE-9962-7D1768E91E3D}.Debug|Any CPU.Build.0 = Debug|Any CPU
		{4A39F90A-748A-47CE-9962-7D1768E91E3D}.Release|Any CPU.ActiveCfg = Release|Any CPU
		{4A39F90A-748A-47CE-9962-7D1768E91E3D}.Release|Any CPU.Build.0 = Release|Any CPU
	EndGlobalSection
	GlobalSection(SolutionProperties) = preSolution
		HideSolutionNode = FALSE
	EndGlobalSection
	GlobalSection(ExtensibilityGlobals) = postSolution
		SolutionGuid = {97E8088F-6F03-4F36-ABCC-4BE6956E6531}
	EndGlobalSection
EndGlobal
